{
  "name": "tsworkflow",
  "version": "1.0.0",
  "lockfileVersion": 2,
  "requires": true,
  "packages": {
    "": {
      "name": "tsworkflow",
      "version": "1.0.0",
      "license": "ISC",
      "dependencies": {
        "common-js": "^0.3.8",
        "typescript": "^4.5.5"
      }
    },
    "node_modules/common-js": {
      "version": "0.3.8",
      "resolved": "https://registry.npmjs.org/common-js/-/common-js-0.3.8.tgz",
      "integrity": "sha1-9DKJGLS6N2+YGtM6Gx+7ZhQSbss="
    },
    "node_modules/typescript": {
      "version": "4.5.5",
      "resolved": "https://registry.npmjs.org/typescript/-/typescript-4.5.5.tgz",
      "integrity": "sha512-TCTIul70LyWe6IJWT8QSYeA54WQe8EjQFU4wY52Fasj5UKx88LNYKCgBEHcOMOrFF1rKGbD8v/xcNWVUq9SymA==",
      "bin": {
        "tsc": "bin/tsc",
        "tsserver": "bin/tsserver"
      },
      "engines": {
        "node": ">=4.2.0"
      }
    }
  },
  "dependencies": {
    "common-js": {
      "version": "0.3.8",
      "resolved": "https://registry.npmjs.org/common-js/-/common-js-0.3.8.tgz",
      "integrity": "sha1-9DKJGLS6N2+YGtM6Gx+7ZhQSbss="
    },
    "typescript": {
      "version": "4.5.5",
      "resolved": "https://registry.npmjs.org/typescript/-/typescript-4.5.5.tgz",
      "integrity": "sha512-TCTIul70LyWe6IJWT8QSYeA54WQe8EjQFU4wY52Fasj5UKx88LNYKCgBEHcOMOrFF1rKGbD8v/xcNWVUq9SymA=="
    }
  }
}
